
Microsoft Visual Studio Solution File, Format Version 12.00
# Visual Studio Version 17
VisualStudioVersion = 17.0.32112.339
MinimumVisualStudioVersion = 10.0.40219.1
Project("{FAE04EC0-301F-11D3-BF4B-00C04F79EFBC}") = "BusFleet.Web", "BusFleet.Web\BusFleet.Web.csproj", "{F0F5402C-A847-4131-9540-54744DBE09D4}"
EndProject
Global
	GlobalSection(SolutionConfigurationPlatforms) = preSolution
		Debug|Any CPU = Debug|Any CPU
		Release|Any CPU = Release|Any CPU
	EndGlobalSection
	GlobalSection(ProjectConfigurationPlatforms) = postSolution
		{F0F5402C-A847-4131-9540-54744DBE09D4}.Debug|Any CPU.ActiveCfg = Debug|Any CPU
		{F0F5402C-A847-4131-9540-54744DBE09D4}.Debug|Any CPU.Build.0 = Debug|Any CPU
		{F0F5402C-A847-4131-9540-54744DBE09D4}.Release|Any CPU.ActiveCfg = Release|Any CPU
		{F0F5402C-A847-4131-9540-54744DBE09D4}.Release|Any CPU.Build.0 = Release|Any CPU
	EndGlobalSection
	GlobalSection(SolutionProperties) = preSolution
		HideSolutionNode = FALSE
	EndGlobalSection
	GlobalSection(ExtensibilityGlobals) = postSolution
		SolutionGuid = {8E8C56AE-94F4-45F6-91D2-B240CB3078F7}
	EndGlobalSection
EndGlobal
